
Microsoft Visual Studio Solution File, Format Version 12.00
# Visual Studio Version 17
VisualStudioVersion = 17.0.31903.59
MinimumVisualStudioVersion = 10.0.40219.1
Project("{FAE04EC0-301F-11D3-BF4B-00C04F79EFBC}") = "AdventOfCode0101", "AdventOfCode0101\AdventOfCode0101.csproj", "{F1265F55-B9CB-43FF-8A55-2B11AAFE4312}"
EndProject
Project("{FAE04EC0-301F-11D3-BF4B-00C04F79EFBC}") = "AdventOfCode0102", "AdventOfCode0102\AdventOfCode0102.csproj", "{A0757482-BBD7-4C0A-B10F-D939DF077C9C}"
EndProject
Project("{FAE04EC0-301F-11D3-BF4B-00C04F79EFBC}") = "AdventOfCode0201", "AdventOfCode0201\AdventOfCode0201.csproj", "{53624900-332A-4EBB-BEF7-8F2D0AE53099}"
EndProject
Project("{FAE04EC0-301F-11D3-BF4B-00C04F79EFBC}") = "AdventOfCode0202", "AdventOfCode0202\AdventOfCode0202.csproj", "{64E0B617-E449-499F-8973-7B6A933EC564}"
EndProject
Project("{FAE04EC0-301F-11D3-BF4B-00C04F79EFBC}") = "AdventOfCode0301", "AdventOfCode0301\AdventOfCode0301.csproj", "{5EF8D433-6BDA-4A07-B5C6-15F11DA12F63}"
EndProject
Project("{FAE04EC0-301F-11D3-BF4B-00C04F79EFBC}") = "AdventOfCode0302", "AdventOfCode0302\AdventOfCode0302.csproj", "{E20FA243-350E-44B7-87F4-E3EA3A0D74F3}"
EndProject
Project("{FAE04EC0-301F-11D3-BF4B-00C04F79EFBC}") = "AdventOfCode0401", "AdventOfCode0401\AdventOfCode0401.csproj", "{D01C0ECE-5DFA-4939-9682-4F8AEB97BF89}"
EndProject
Project("{FAE04EC0-301F-11D3-BF4B-00C04F79EFBC}") = "AdventOfCode0402", "AdventOfCode0402\AdventOfCode0402.csproj", "{8A434EFF-5476-4180-B572-88B173E79053}"
EndProject
Project("{FAE04EC0-301F-11D3-BF4B-00C04F79EFBC}") = "AdventOfCode0501", "AdventOfCode0501\AdventOfCode0501.csproj", "{D42EB7F7-EE07-4CD2-91C1-A1EE0E1D9F77}"
EndProject
Project("{FAE04EC0-301F-11D3-BF4B-00C04F79EFBC}") = "AdventOfCode0502", "AdventOfCode0502\AdventOfCode0502.csproj", "{D6CF4220-093D-4114-A683-F603E4578A5E}"
EndProject
Project("{FAE04EC0-301F-11D3-BF4B-00C04F79EFBC}") = "AdventOfCode0601", "AdventOfCode0601\AdventOfCode0601.csproj", "{AE756006-8308-43F1-96F0-213D26D43DCD}"
EndProject
Project("{FAE04EC0-301F-11D3-BF4B-00C04F79EFBC}") = "AdventOfCode0602", "AdventOfCode0602\AdventOfCode0602.csproj", "{0960D90D-1E8D-4B05-BF69-16C45E2B913C}"
EndProject
Project("{FAE04EC0-301F-11D3-BF4B-00C04F79EFBC}") = "AdventOfCode0701", "AdventOfCode0701\AdventOfCode0701.csproj", "{CEDBCF32-3253-4055-9CAC-03A292EBC3A8}"
EndProject
Project("{FAE04EC0-301F-11D3-BF4B-00C04F79EFBC}") = "AdventOfCode0702", "AdventOfCode0702\AdventOfCode0702.csproj", "{0A628BA3-2B52-4F5C-A5DA-8588ED94A3FB}"
EndProject
Project("{FAE04EC0-301F-11D3-BF4B-00C04F79EFBC}") = "AdventOfCode0801", "AdventOfCode0801\AdventOfCode0801.csproj", "{A20A04D2-36C5-4DB9-B96B-DADC0A2FDD21}"
EndProject
Project("{FAE04EC0-301F-11D3-BF4B-00C04F79EFBC}") = "AdventOfCode0802", "AdventOfCode0802\AdventOfCode0802.csproj", "{B051D79D-8179-4878-B123-CE8FEA7A18BC}"
EndProject
Project("{FAE04EC0-301F-11D3-BF4B-00C04F79EFBC}") = "AdventOfCode0901", "AdventOfCode0901\AdventOfCode0901.csproj", "{BB3B2169-7C6F-4F4B-B652-4162E99C050E}"
EndProject
Project("{FAE04EC0-301F-11D3-BF4B-00C04F79EFBC}") = "AdventOfCode0902", "AdventOfCode0902\AdventOfCode0902.csproj", "{D8A41FD1-BDF5-4F58-A406-7503EBF5775E}"
EndProject
Project("{FAE04EC0-301F-11D3-BF4B-00C04F79EFBC}") = "AdventOfCode1001", "AdventOfCode1001\AdventOfCode1001.csproj", "{F76FE4CB-C37C-44DF-B3CE-0F4177B9A646}"
EndProject
Project("{FAE04EC0-301F-11D3-BF4B-00C04F79EFBC}") = "AdventOfCode1002", "AdventOfCode1002\AdventOfCode1002.csproj", "{8E1E7C28-E828-440D-989F-D02C9744B0AA}"
EndProject
Project("{FAE04EC0-301F-11D3-BF4B-00C04F79EFBC}") = "AdventOfCode1101", "AdventOfCode1101\AdventOfCode1101.csproj", "{BC4B20CF-4B02-4D41-AA27-B95F6E2875A6}"
EndProject
Project("{FAE04EC0-301F-11D3-BF4B-00C04F79EFBC}") = "AdventOfCode1102", "AdventOfCode1102\AdventOfCode1102.csproj", "{660F0EC8-927B-4484-8656-29A9DF8392BA}"
EndProject
Global
	GlobalSection(SolutionConfigurationPlatforms) = preSolution
		Debug|Any CPU = Debug|Any CPU
		Release|Any CPU = Release|Any CPU
	EndGlobalSection
	GlobalSection(ProjectConfigurationPlatforms) = postSolution
		{F1265F55-B9CB-43FF-8A55-2B11AAFE4312}.Debug|Any CPU.ActiveCfg = Debug|Any CPU
		{F1265F55-B9CB-43FF-8A55-2B11AAFE4312}.Debug|Any CPU.Build.0 = Debug|Any CPU
		{F1265F55-B9CB-43FF-8A55-2B11AAFE4312}.Release|Any CPU.ActiveCfg = Release|Any CPU
		{F1265F55-B9CB-43FF-8A55-2B11AAFE4312}.Release|Any CPU.Build.0 = Release|Any CPU
		{A0757482-BBD7-4C0A-B10F-D939DF077C9C}.Debug|Any CPU.ActiveCfg = Debug|Any CPU
		{A0757482-BBD7-4C0A-B10F-D939DF077C9C}.Debug|Any CPU.Build.0 = Debug|Any CPU
		{A0757482-BBD7-4C0A-B10F-D939DF077C9C}.Release|Any CPU.ActiveCfg = Release|Any CPU
		{A0757482-BBD7-4C0A-B10F-D939DF077C9C}.Release|Any CPU.Build.0 = Release|Any CPU
		{53624900-332A-4EBB-BEF7-8F2D0AE53099}.Debug|Any CPU.ActiveCfg = Debug|Any CPU
		{53624900-332A-4EBB-BEF7-8F2D0AE53099}.Debug|Any CPU.Build.0 = Debug|Any CPU
		{53624900-332A-4EBB-BEF7-8F2D0AE53099}.Release|Any CPU.ActiveCfg = Release|Any CPU
		{53624900-332A-4EBB-BEF7-8F2D0AE53099}.Release|Any CPU.Build.0 = Release|Any CPU
		{64E0B617-E449-499F-8973-7B6A933EC564}.Debug|Any CPU.ActiveCfg = Debug|Any CPU
		{64E0B617-E449-499F-8973-7B6A933EC564}.Debug|Any CPU.Build.0 = Debug|Any CPU
		{64E0B617-E449-499F-8973-7B6A933EC564}.Release|Any CPU.ActiveCfg = Release|Any CPU
		{64E0B617-E449-499F-8973-7B6A933EC564}.Release|Any CPU.Build.0 = Release|Any CPU
		{5EF8D433-6BDA-4A07-B5C6-15F11DA12F63}.Debug|Any CPU.ActiveCfg = Debug|Any CPU
		{5EF8D433-6BDA-4A07-B5C6-15F11DA12F63}.Debug|Any CPU.Build.0 = Debug|Any CPU
		{5EF8D433-6BDA-4A07-B5C6-15F11DA12F63}.Release|Any CPU.ActiveCfg = Release|Any CPU
		{5EF8D433-6BDA-4A07-B5C6-15F11DA12F63}.Release|Any CPU.Build.0 = Release|Any CPU
		{E20FA243-350E-44B7-87F4-E3EA3A0D74F3}.Debug|Any CPU.ActiveCfg = Debug|Any CPU
		{E20FA243-350E-44B7-87F4-E3EA3A0D74F3}.Debug|Any CPU.Build.0 = Debug|Any CPU
		{E20FA243-350E-44B7-87F4-E3EA3A0D74F3}.Release|Any CPU.ActiveCfg = Release|Any CPU
		{E20FA243-350E-44B7-87F4-E3EA3A0D74F3}.Release|Any CPU.Build.0 = Release|Any CPU
		{D01C0ECE-5DFA-4939-9682-4F8AEB97BF89}.Debug|Any CPU.ActiveCfg = Debug|Any CPU
		{D01C0ECE-5DFA-4939-9682-4F8AEB97BF89}.Debug|Any CPU.Build.0 = Debug|Any CPU
		{D01C0ECE-5DFA-4939-9682-4F8AEB97BF89}.Release|Any CPU.ActiveCfg = Release|Any CPU
		{D01C0ECE-5DFA-4939-9682-4F8AEB97BF89}.Release|Any CPU.Build.0 = Release|Any CPU
		{8A434EFF-5476-4180-B572-88B173E79053}.Debug|Any CPU.ActiveCfg = Debug|Any CPU
		{8A434EFF-5476-4180-B572-88B173E79053}.Debug|Any CPU.Build.0 = Debug|Any CPU
		{8A434EFF-5476-4180-B572-88B173E79053}.Release|Any CPU.ActiveCfg = Release|Any CPU
		{8A434EFF-5476-4180-B572-88B173E79053}.Release|Any CPU.Build.0 = Release|Any CPU
		{D42EB7F7-EE07-4CD2-91C1-A1EE0E1D9F77}.Debug|Any CPU.ActiveCfg = Debug|Any CPU
		{D42EB7F7-EE07-4CD2-91C1-A1EE0E1D9F77}.Debug|Any CPU.Build.0 = Debug|Any CPU
		{D42EB7F7-EE07-4CD2-91C1-A1EE0E1D9F77}.Release|Any CPU.ActiveCfg = Release|Any CPU
		{D42EB7F7-EE07-4CD2-91C1-A1EE0E1D9F77}.Release|Any CPU.Build.0 = Release|Any CPU
		{D6CF4220-093D-4114-A683-F603E4578A5E}.Debug|Any CPU.ActiveCfg = Debug|Any CPU
		{D6CF4220-093D-4114-A683-F603E4578A5E}.Debug|Any CPU.Build.0 = Debug|Any CPU
		{D6CF4220-093D-4114-A683-F603E4578A5E}.Release|Any CPU.ActiveCfg = Release|Any CPU
		{D6CF4220-093D-4114-A683-F603E4578A5E}.Release|Any CPU.Build.0 = Release|Any CPU
		{AE756006-8308-43F1-96F0-213D26D43DCD}.Debug|Any CPU.ActiveCfg = Debug|Any CPU
		{AE756006-8308-43F1-96F0-213D26D43DCD}.Debug|Any CPU.Build.0 = Debug|Any CPU
		{AE756006-8308-43F1-96F0-213D26D43DCD}.Release|Any CPU.ActiveCfg = Release|Any CPU
		{AE756006-8308-43F1-96F0-213D26D43DCD}.Release|Any CPU.Build.0 = Release|Any CPU
		{0960D90D-1E8D-4B05-BF69-16C45E2B913C}.Debug|Any CPU.ActiveCfg = Debug|Any CPU
		{0960D90D-1E8D-4B05-BF69-16C45E2B913C}.Debug|Any CPU.Build.0 = Debug|Any CPU
		{0960D90D-1E8D-4B05-BF69-16C45E2B913C}.Release|Any CPU.ActiveCfg = Release|Any CPU
		{0960D90D-1E8D-4B05-BF69-16C45E2B913C}.Release|Any CPU.Build.0 = Release|Any CPU
		{CEDBCF32-3253-4055-9CAC-03A292EBC3A8}.Debug|Any CPU.ActiveCfg = Debug|Any CPU
		{CEDBCF32-3253-4055-9CAC-03A292EBC3A8}.Debug|Any CPU.Build.0 = Debug|Any CPU
		{CEDBCF32-3253-4055-9CAC-03A292EBC3A8}.Release|Any CPU.ActiveCfg = Release|Any CPU
		{CEDBCF32-3253-4055-9CAC-03A292EBC3A8}.Release|Any CPU.Build.0 = Release|Any CPU
		{0A628BA3-2B52-4F5C-A5DA-8588ED94A3FB}.Debug|Any CPU.ActiveCfg = Debug|Any CPU
		{0A628BA3-2B52-4F5C-A5DA-8588ED94A3FB}.Debug|Any CPU.Build.0 = Debug|Any CPU
		{0A628BA3-2B52-4F5C-A5DA-8588ED94A3FB}.Release|Any CPU.ActiveCfg = Release|Any CPU
		{0A628BA3-2B52-4F5C-A5DA-8588ED94A3FB}.Release|Any CPU.Build.0 = Release|Any CPU
		{A20A04D2-36C5-4DB9-B96B-DADC0A2FDD21}.Debug|Any CPU.ActiveCfg = Debug|Any CPU
		{A20A04D2-36C5-4DB9-B96B-DADC0A2FDD21}.Debug|Any CPU.Build.0 = Debug|Any CPU
		{A20A04D2-36C5-4DB9-B96B-DADC0A2FDD21}.Release|Any CPU.ActiveCfg = Release|Any CPU
		{A20A04D2-36C5-4DB9-B96B-DADC0A2FDD21}.Release|Any CPU.Build.0 = Release|Any CPU
		{B051D79D-8179-4878-B123-CE8FEA7A18BC}.Debug|Any CPU.ActiveCfg = Debug|Any CPU
		{B051D79D-8179-4878-B123-CE8FEA7A18BC}.Debug|Any CPU.Build.0 = Debug|Any CPU
		{B051D79D-8179-4878-B123-CE8FEA7A18BC}.Release|Any CPU.ActiveCfg = Release|Any CPU
		{B051D79D-8179-4878-B123-CE8FEA7A18BC}.Release|Any CPU.Build.0 = Release|Any CPU
		{BB3B2169-7C6F-4F4B-B652-4162E99C050E}.Debug|Any CPU.ActiveCfg = Debug|Any CPU
		{BB3B2169-7C6F-4F4B-B652-4162E99C050E}.Debug|Any CPU.Build.0 = Debug|Any CPU
		{BB3B2169-7C6F-4F4B-B652-4162E99C050E}.Release|Any CPU.ActiveCfg = Release|Any CPU
		{BB3B2169-7C6F-4F4B-B652-4162E99C050E}.Release|Any CPU.Build.0 = Release|Any CPU
		{D8A41FD1-BDF5-4F58-A406-7503EBF5775E}.Debug|Any CPU.ActiveCfg = Debug|Any CPU
		{D8A41FD1-BDF5-4F58-A406-7503EBF5775E}.Debug|Any CPU.Build.0 = Debug|Any CPU
		{D8A41FD1-BDF5-4F58-A406-7503EBF5775E}.Release|Any CPU.ActiveCfg = Release|Any CPU
		{D8A41FD1-BDF5-4F58-A406-7503EBF5775E}.Release|Any CPU.Build.0 = Release|Any CPU
		{F76FE4CB-C37C-44DF-B3CE-0F4177B9A646}.Debug|Any CPU.ActiveCfg = Debug|Any CPU
		{F76FE4CB-C37C-44DF-B3CE-0F4177B9A646}.Debug|Any CPU.Build.0 = Debug|Any CPU
		{F76FE4CB-C37C-44DF-B3CE-0F4177B9A646}.Release|Any CPU.ActiveCfg = Release|Any CPU
		{F76FE4CB-C37C-44DF-B3CE-0F4177B9A646}.Release|Any CPU.Build.0 = Release|Any CPU
		{8E1E7C28-E828-440D-989F-D02C9744B0AA}.Debug|Any CPU.ActiveCfg = Debug|Any CPU
		{8E1E7C28-E828-440D-989F-D02C9744B0AA}.Debug|Any CPU.Build.0 = Debug|Any CPU
		{8E1E7C28-E828-440D-989F-D02C9744B0AA}.Release|Any CPU.ActiveCfg = Release|Any CPU
		{8E1E7C28-E828-440D-989F-D02C9744B0AA}.Release|Any CPU.Build.0 = Release|Any CPU
		{BC4B20CF-4B02-4D41-AA27-B95F6E2875A6}.Debug|Any CPU.ActiveCfg = Debug|Any CPU
		{BC4B20CF-4B02-4D41-AA27-B95F6E2875A6}.Debug|Any CPU.Build.0 = Debug|Any CPU
		{BC4B20CF-4B02-4D41-AA27-B95F6E2875A6}.Release|Any CPU.ActiveCfg = Release|Any CPU
		{BC4B20CF-4B02-4D41-AA27-B95F6E2875A6}.Release|Any CPU.Build.0 = Release|Any CPU
		{660F0EC8-927B-4484-8656-29A9DF8392BA}.Debug|Any CPU.ActiveCfg = Debug|Any CPU
		{660F0EC8-927B-4484-8656-29A9DF8392BA}.Debug|Any CPU.Build.0 = Debug|Any CPU
		{660F0EC8-927B-4484-8656-29A9DF8392BA}.Release|Any CPU.ActiveCfg = Release|Any CPU
		{660F0EC8-927B-4484-8656-29A9DF8392BA}.Release|Any CPU.Build.0 = Release|Any CPU
	EndGlobalSection
	GlobalSection(SolutionProperties) = preSolution
		HideSolutionNode = FALSE
	EndGlobalSection
	GlobalSection(ExtensibilityGlobals) = postSolution
		SolutionGuid = {1A863DB9-0A6D-480D-B32E-15FCA81ECDC6}
	EndGlobalSection
EndGlobal
