
Microsoft Visual Studio Solution File, Format Version 12.00
# Visual Studio Version 17
VisualStudioVersion = 17.0.31903.59
MinimumVisualStudioVersion = 10.0.40219.1
Project("{FAE04EC0-301F-11D3-BF4B-00C04F79EFBC}") = "AdventOfCode0101", "AdventOfCode0101\AdventOfCode0101.csproj", "{F1265F55-B9CB-43FF-8A55-2B11AAFE4312}"
EndProject
Project("{FAE04EC0-301F-11D3-BF4B-00C04F79EFBC}") = "AdventOfCode0102", "AdventOfCode0102\AdventOfCode0102.csproj", "{A0757482-BBD7-4C0A-B10F-D939DF077C9C}"
EndProject
Project("{FAE04EC0-301F-11D3-BF4B-00C04F79EFBC}") = "AdventOfCode0201", "AdventOfCode0201\AdventOfCode0201.csproj", "{53624900-332A-4EBB-BEF7-8F2D0AE53099}"
EndProject
Global
	GlobalSection(SolutionConfigurationPlatforms) = preSolution
		Debug|Any CPU = Debug|Any CPU
		Release|Any CPU = Release|Any CPU
	EndGlobalSection
	GlobalSection(ProjectConfigurationPlatforms) = postSolution
		{F1265F55-B9CB-43FF-8A55-2B11AAFE4312}.Debug|Any CPU.ActiveCfg = Debug|Any CPU
		{F1265F55-B9CB-43FF-8A55-2B11AAFE4312}.Debug|Any CPU.Build.0 = Debug|Any CPU
		{F1265F55-B9CB-43FF-8A55-2B11AAFE4312}.Release|Any CPU.ActiveCfg = Release|Any CPU
		{F1265F55-B9CB-43FF-8A55-2B11AAFE4312}.Release|Any CPU.Build.0 = Release|Any CPU
		{A0757482-BBD7-4C0A-B10F-D939DF077C9C}.Debug|Any CPU.ActiveCfg = Debug|Any CPU
		{A0757482-BBD7-4C0A-B10F-D939DF077C9C}.Debug|Any CPU.Build.0 = Debug|Any CPU
		{A0757482-BBD7-4C0A-B10F-D939DF077C9C}.Release|Any CPU.ActiveCfg = Release|Any CPU
		{A0757482-BBD7-4C0A-B10F-D939DF077C9C}.Release|Any CPU.Build.0 = Release|Any CPU
		{53624900-332A-4EBB-BEF7-8F2D0AE53099}.Debug|Any CPU.ActiveCfg = Debug|Any CPU
		{53624900-332A-4EBB-BEF7-8F2D0AE53099}.Debug|Any CPU.Build.0 = Debug|Any CPU
		{53624900-332A-4EBB-BEF7-8F2D0AE53099}.Release|Any CPU.ActiveCfg = Release|Any CPU
		{53624900-332A-4EBB-BEF7-8F2D0AE53099}.Release|Any CPU.Build.0 = Release|Any CPU
	EndGlobalSection
	GlobalSection(SolutionProperties) = preSolution
		HideSolutionNode = FALSE
	EndGlobalSection
	GlobalSection(ExtensibilityGlobals) = postSolution
		SolutionGuid = {1A863DB9-0A6D-480D-B32E-15FCA81ECDC6}
	EndGlobalSection
EndGlobal
